
Microsoft Visual Studio Solution File, Format Version 12.00
# Visual Studio 14
VisualStudioVersion = 14.0.23107.0
MinimumVisualStudioVersion = 10.0.40219.1
Project("{FAE04EC0-301F-11D3-BF4B-00C04F79EFBC}") = "Simple301", "Simple301\Simple301.csproj", "{418B07FD-2CA7-4195-8DD0-3252201485FE}"
EndProject
Global
	GlobalSection(SolutionConfigurationPlatforms) = preSolution
		Debug|Any CPU = Debug|Any CPU
		Release-net45|Any CPU = Release-net45|Any CPU
		Release-net452|Any CPU = Release-net452|Any CPU
	EndGlobalSection
	GlobalSection(ProjectConfigurationPlatforms) = postSolution
		{418B07FD-2CA7-4195-8DD0-3252201485FE}.Debug|Any CPU.ActiveCfg = Debug|Any CPU
		{418B07FD-2CA7-4195-8DD0-3252201485FE}.Debug|Any CPU.Build.0 = Debug|Any CPU
		{418B07FD-2CA7-4195-8DD0-3252201485FE}.Release-net45|Any CPU.ActiveCfg = Release-net45|Any CPU
		{418B07FD-2CA7-4195-8DD0-3252201485FE}.Release-net45|Any CPU.Build.0 = Release-net45|Any CPU
		{418B07FD-2CA7-4195-8DD0-3252201485FE}.Release-net452|Any CPU.ActiveCfg = Release-net452|Any CPU
		{418B07FD-2CA7-4195-8DD0-3252201485FE}.Release-net452|Any CPU.Build.0 = Release-net452|Any CPU
	EndGlobalSection
	GlobalSection(SolutionProperties) = preSolution
		HideSolutionNode = FALSE
	EndGlobalSection
EndGlobal
